
Microsoft Visual Studio Solution File, Format Version 12.00
# Visual Studio Version 17
VisualStudioVersion = 17.14.37111.16
MinimumVisualStudioVersion = 10.0.40219.1
Project("{2150E333-8FDC-42A3-9474-1A3956D46DE8}") = "src", "src", "{02EA681E-C7D8-13C7-8484-4AC65E1B71E8}"
EndProject
Project("{2150E333-8FDC-42A3-9474-1A3956D46DE8}") = "tests", "tests", "{90E004E6-BC4B-44C7-842D-52F781BAC02C}"
EndProject
Project("{FAE04EC0-301F-11D3-BF4B-00C04F79EFBC}") = "TaskManagerCleanArchitecture.API", "TaskManagerCleanArchitecture.API\TaskManagerCleanArchitecture.API.csproj", "{DF59E672-2DF0-CE36-A0C9-D3C869EA6712}"
EndProject
Project("{FAE04EC0-301F-11D3-BF4B-00C04F79EFBC}") = "TaskManagerCleanArchitecture.Application", "TaskManagerCleanArchitecture.Application\TaskManagerCleanArchitecture.Application.csproj", "{C9C1ADC5-8947-CC2D-5D1B-0218970E22CA}"
EndProject
Project("{FAE04EC0-301F-11D3-BF4B-00C04F79EFBC}") = "TaskManagerCleanArchitecture.Domain", "TaskManagerCleanArchitecture.Domain\TaskManagerCleanArchitecture.Domain.csproj", "{9203A07E-FCFB-6897-5A24-14A62CDCF394}"
EndProject
Project("{FAE04EC0-301F-11D3-BF4B-00C04F79EFBC}") = "TaskManagerCleanArchitecture.Infrastructure", "TaskManagerCleanArchitecture.Infrastructure\TaskManagerCleanArchitecture.Infrastructure.csproj", "{7D2A4EDD-CA02-E653-6CFE-509C81369AE1}"
EndProject
Project("{FAE04EC0-301F-11D3-BF4B-00C04F79EFBC}") = "TaskManagerCleanArchitecture.UnitTests", "..\..\tests\backend\TaskManagerCleanArchitecture.Tests\TaskManagerCleanArchitecture.UnitTests.csproj", "{2ECE1174-ABCE-E1E6-0ADD-9F145717883F}"
EndProject
Project("{FAE04EC0-301F-11D3-BF4B-00C04F79EFBC}") = "TaskManagerCleanArchitecture.IntegrationTests", "..\..\tests\backend\TaskManagerCleanArchitecture.IntegrationTests\TaskManagerCleanArchitecture.IntegrationTests.csproj", "{5D30FE29-AF08-4927-916D-130EC482C123}"
EndProject
Global
	GlobalSection(SolutionConfigurationPlatforms) = preSolution
		Debug|Any CPU = Debug|Any CPU
		Release|Any CPU = Release|Any CPU
	EndGlobalSection
	GlobalSection(ProjectConfigurationPlatforms) = postSolution
		{DF59E672-2DF0-CE36-A0C9-D3C869EA6712}.Debug|Any CPU.ActiveCfg = Debug|Any CPU
		{DF59E672-2DF0-CE36-A0C9-D3C869EA6712}.Debug|Any CPU.Build.0 = Debug|Any CPU
		{DF59E672-2DF0-CE36-A0C9-D3C869EA6712}.Release|Any CPU.ActiveCfg = Release|Any CPU
		{DF59E672-2DF0-CE36-A0C9-D3C869EA6712}.Release|Any CPU.Build.0 = Release|Any CPU
		{C9C1ADC5-8947-CC2D-5D1B-0218970E22CA}.Debug|Any CPU.ActiveCfg = Debug|Any CPU
		{C9C1ADC5-8947-CC2D-5D1B-0218970E22CA}.Debug|Any CPU.Build.0 = Debug|Any CPU
		{C9C1ADC5-8947-CC2D-5D1B-0218970E22CA}.Release|Any CPU.ActiveCfg = Release|Any CPU
		{C9C1ADC5-8947-CC2D-5D1B-0218970E22CA}.Release|Any CPU.Build.0 = Release|Any CPU
		{9203A07E-FCFB-6897-5A24-14A62CDCF394}.Debug|Any CPU.ActiveCfg = Debug|Any CPU
		{9203A07E-FCFB-6897-5A24-14A62CDCF394}.Debug|Any CPU.Build.0 = Debug|Any CPU
		{9203A07E-FCFB-6897-5A24-14A62CDCF394}.Release|Any CPU.ActiveCfg = Release|Any CPU
		{9203A07E-FCFB-6897-5A24-14A62CDCF394}.Release|Any CPU.Build.0 = Release|Any CPU
		{7D2A4EDD-CA02-E653-6CFE-509C81369AE1}.Debug|Any CPU.ActiveCfg = Debug|Any CPU
		{7D2A4EDD-CA02-E653-6CFE-509C81369AE1}.Debug|Any CPU.Build.0 = Debug|Any CPU
		{7D2A4EDD-CA02-E653-6CFE-509C81369AE1}.Release|Any CPU.ActiveCfg = Release|Any CPU
		{7D2A4EDD-CA02-E653-6CFE-509C81369AE1}.Release|Any CPU.Build.0 = Release|Any CPU
		{2ECE1174-ABCE-E1E6-0ADD-9F145717883F}.Debug|Any CPU.ActiveCfg = Debug|Any CPU
		{2ECE1174-ABCE-E1E6-0ADD-9F145717883F}.Debug|Any CPU.Build.0 = Debug|Any CPU
		{2ECE1174-ABCE-E1E6-0ADD-9F145717883F}.Release|Any CPU.ActiveCfg = Release|Any CPU
		{2ECE1174-ABCE-E1E6-0ADD-9F145717883F}.Release|Any CPU.Build.0 = Release|Any CPU
		{5D30FE29-AF08-4927-916D-130EC482C123}.Debug|Any CPU.ActiveCfg = Debug|Any CPU
		{5D30FE29-AF08-4927-916D-130EC482C123}.Debug|Any CPU.Build.0 = Debug|Any CPU
		{5D30FE29-AF08-4927-916D-130EC482C123}.Release|Any CPU.ActiveCfg = Release|Any CPU
		{5D30FE29-AF08-4927-916D-130EC482C123}.Release|Any CPU.Build.0 = Release|Any CPU
	EndGlobalSection
	GlobalSection(SolutionProperties) = preSolution
		HideSolutionNode = FALSE
	EndGlobalSection
	GlobalSection(NestedProjects) = preSolution
		{DF59E672-2DF0-CE36-A0C9-D3C869EA6712} = {02EA681E-C7D8-13C7-8484-4AC65E1B71E8}
		{C9C1ADC5-8947-CC2D-5D1B-0218970E22CA} = {02EA681E-C7D8-13C7-8484-4AC65E1B71E8}
		{9203A07E-FCFB-6897-5A24-14A62CDCF394} = {02EA681E-C7D8-13C7-8484-4AC65E1B71E8}
		{7D2A4EDD-CA02-E653-6CFE-509C81369AE1} = {02EA681E-C7D8-13C7-8484-4AC65E1B71E8}
		{2ECE1174-ABCE-E1E6-0ADD-9F145717883F} = {90E004E6-BC4B-44C7-842D-52F781BAC02C}
		{5D30FE29-AF08-4927-916D-130EC482C123} = {90E004E6-BC4B-44C7-842D-52F781BAC02C}
	EndGlobalSection
	GlobalSection(ExtensibilityGlobals) = postSolution
		SolutionGuid = {E053A1C2-2490-4D45-BFD9-4317293C2D7B}
	EndGlobalSection
EndGlobal
